{
  "version": 4,
  "terraform_version": "1.2.2",
  "serial": 56,
  "lineage": "c8c2225b-50c9-acba-e895-368b88700c79",
  "outputs": {},
  "resources": [
    {
      "mode": "managed",
      "type": "aws_iam_role",
      "name": "redshift_role",
      "provider": "provider[\"registry.terraform.io/hashicorp/aws\"]",
      "instances": [
        {
          "schema_version": 0,
          "attributes": {
            "arn": "arn:aws:iam::142983423398:role/redshift_role",
            "assume_role_policy": "{\"Version\":\"2012-10-17\",\"Statement\":[{\"Sid\":\"\",\"Effect\":\"Allow\",\"Principal\":{\"Service\":\"redshift.amazonaws.com\"},\"Action\":\"sts:AssumeRole\"}]}",
            "create_date": "2022-06-08T21:12:35Z",
            "description": "",
            "force_detach_policies": false,
            "id": "redshift_role",
            "inline_policy": [
              {
                "name": "",
                "policy": ""
              }
            ],
            "managed_policy_arns": [],
            "max_session_duration": 3600,
            "name": "redshift_role",
            "name_prefix": "",
            "path": "/",
            "permissions_boundary": null,
            "tags": null,
            "tags_all": {},
            "unique_id": "AROASCSTZ4WTKQVYD2DR2"
          },
          "sensitive_attributes": [],
          "private": "bnVsbA=="
        }
      ]
    },
    {
      "mode": "managed",
      "type": "aws_iam_role_policy",
      "name": "s3_full_access_policy",
      "provider": "provider[\"registry.terraform.io/hashicorp/aws\"]",
      "instances": [
        {
          "schema_version": 0,
          "attributes": {
            "id": "redshift_role:s3_full_access_policy",
            "name": "s3_full_access_policy",
            "name_prefix": null,
            "policy": "{\"Statement\":[{\"Action\":\"s3:*\",\"Effect\":\"Allow\",\"Resource\":\"*\"}],\"Version\":\"2012-10-17\"}",
            "role": "redshift_role"
          },
          "sensitive_attributes": [],
          "private": "bnVsbA==",
          "dependencies": [
            "aws_iam_role.redshift_role"
          ]
        }
      ]
    },
    {
      "mode": "managed",
      "type": "aws_redshift_cluster",
      "name": "dwh",
      "provider": "provider[\"registry.terraform.io/hashicorp/aws\"]",
      "instances": [
        {
          "schema_version": 0,
          "attributes": {
            "allow_version_upgrade": true,
            "apply_immediately": false,
            "aqua_configuration_status": "auto",
            "arn": "arn:aws:redshift:us-west-2:142983423398:cluster:sample-cluster",
            "automated_snapshot_retention_period": 1,
            "availability_zone": "us-west-2d",
            "availability_zone_relocation_enabled": false,
            "cluster_identifier": "sample-cluster",
            "cluster_nodes": [
              {
                "node_role": "SHARED",
                "private_ip_address": "172.31.63.197",
                "public_ip_address": "35.167.45.73"
              }
            ],
            "cluster_parameter_group_name": "default.redshift-1.0",
            "cluster_public_key": "ssh-rsa AAAAB3NzaC1yc2EAAAADAQABAAABAQDByprNE8M8SbYIInuAQLMzi7XwVx7+mje5UP40mplREtBm8+2OqgfSIPBgjadfkbKwVow+win40arwXgn5HpThxAZXtPFIpF5MiNloggRI75wwJlG6BeMisF23KOOVCV8hwkYL7Dr7zdVzRRz/f1tBFnv+gzZFuGW38LUQYGP352ogbHbPvF3RaBgJdBxuzgOFLfKNxCV2mCvdH8r57h77UHW4bwa6Vk5U8ZVIQy8BtmfLer4wPOJPbi4NjmKw0xpy6z67qJ0d/bKG6lnoS5ETBiZlk0eynDkpl0m+14Xq9TDSjyGFz0GmmBdCVuvAvnnsUHEOPumX/X9/F6iy1bUz Amazon-Redshift\n",
            "cluster_revision_number": "38698",
            "cluster_security_groups": [],
            "cluster_subnet_group_name": "default",
            "cluster_type": "single-node",
            "cluster_version": "1.0",
            "database_name": "samplecluster",
            "default_iam_role_arn": "",
            "dns_name": "sample-cluster.cxy6w5valecn.us-west-2.redshift.amazonaws.com",
            "elastic_ip": null,
            "encrypted": false,
            "endpoint": "sample-cluster.cxy6w5valecn.us-west-2.redshift.amazonaws.com:5439",
            "enhanced_vpc_routing": false,
            "final_snapshot_identifier": null,
            "iam_roles": [
              "arn:aws:iam::142983423398:role/redshift_role"
            ],
            "id": "sample-cluster",
            "kms_key_id": "",
            "logging": [
              {
                "bucket_name": "",
                "enable": false,
                "log_destination_type": "",
                "log_exports": [],
                "s3_key_prefix": ""
              }
            ],
            "maintenance_track_name": "current",
            "manual_snapshot_retention_period": -1,
            "master_password": "R33t*!daniel",
            "master_username": "sampleuser",
            "node_type": "dc2.large",
            "number_of_nodes": 1,
            "owner_account": null,
            "port": 5439,
            "preferred_maintenance_window": "fri:13:30-fri:14:00",
            "publicly_accessible": true,
            "skip_final_snapshot": true,
            "snapshot_cluster_identifier": null,
            "snapshot_copy": [],
            "snapshot_identifier": null,
            "tags": null,
            "tags_all": {},
            "timeouts": null,
            "vpc_security_group_ids": [
              "sg-c69a09a3"
            ]
          },
          "sensitive_attributes": [],
          "private": "eyJlMmJmYjczMC1lY2FhLTExZTYtOGY4OC0zNDM2M2JjN2M0YzAiOnsiY3JlYXRlIjo0NTAwMDAwMDAwMDAwLCJkZWxldGUiOjI0MDAwMDAwMDAwMDAsInVwZGF0ZSI6NDUwMDAwMDAwMDAwMH19",
          "dependencies": [
            "aws_iam_role.redshift_role"
          ]
        }
      ]
    }
  ]
}
